
Microsoft Visual Studio Solution File, Format Version 12.00
# Visual Studio Version 17
VisualStudioVersion = 17.13.35931.197 d17.13
MinimumVisualStudioVersion = 10.0.40219.1
Project("{FAE04EC0-301F-11D3-BF4B-00C04F79EFBC}") = "StrandC", "StrandC\StrandC.csproj", "{D63C0003-5578-4BF1-8070-CC54C9E387EE}"
EndProject
Global
	GlobalSection(SolutionConfigurationPlatforms) = preSolution
		Debug|Any CPU = Debug|Any CPU
		Release|Any CPU = Release|Any CPU
	EndGlobalSection
	GlobalSection(ProjectConfigurationPlatforms) = postSolution
		{D63C0003-5578-4BF1-8070-CC54C9E387EE}.Debug|Any CPU.ActiveCfg = Debug|Any CPU
		{D63C0003-5578-4BF1-8070-CC54C9E387EE}.Debug|Any CPU.Build.0 = Debug|Any CPU
		{D63C0003-5578-4BF1-8070-CC54C9E387EE}.Release|Any CPU.ActiveCfg = Release|Any CPU
		{D63C0003-5578-4BF1-8070-CC54C9E387EE}.Release|Any CPU.Build.0 = Release|Any CPU
	EndGlobalSection
	GlobalSection(SolutionProperties) = preSolution
		HideSolutionNode = FALSE
	EndGlobalSection
	GlobalSection(ExtensibilityGlobals) = postSolution
		SolutionGuid = {BF079C6F-9284-46C6-9DD3-8BC05F36F53E}
	EndGlobalSection
EndGlobal
